{
	"name": "rama-io.github.io",
	"version": "1.0.0",
	"lockfileVersion": 3,
	"requires": true,
	"packages": {
		"": {
			"name": "rama-io.github.io",
			"version": "1.0.0",
			"license": "GPLv3",
			"dependencies": {
				"csv-parse": "^7.0.1"
			}
		},
		"node_modules/csv-parse": {
			"version": "7.0.1",
			"resolved": "https://registry.npmjs.org/csv-parse/-/csv-parse-7.0.1.tgz",
			"integrity": "sha512-+2z7Ar0APQ7Uu6fX4cn+pitRmxjZ1WPBcGmZFKmA74FCyi7Et/XZx8cjNQ5CjbZ4HCOxXCOpRBYvYH08Qa003A==",
			"license": "MIT"
		}
	}
}
